
Microsoft Visual Studio Solution File, Format Version 12.00
# Visual Studio Version 17
VisualStudioVersion = 17.6.33829.357
MinimumVisualStudioVersion = 10.0.40219.1
Project("{9A19103F-16F7-4668-BE54-9A1E7A4F7556}") = "ContactosAPI", "ContactosAPI.csproj", "{7A42B0B3-CB88-44B1-B1C7-7B0F401BD683}"
EndProject
Global
	GlobalSection(SolutionConfigurationPlatforms) = preSolution
		Debug|Any CPU = Debug|Any CPU
		Release|Any CPU = Release|Any CPU
	EndGlobalSection
	GlobalSection(ProjectConfigurationPlatforms) = postSolution
		{7A42B0B3-CB88-44B1-B1C7-7B0F401BD683}.Debug|Any CPU.ActiveCfg = Debug|Any CPU
		{7A42B0B3-CB88-44B1-B1C7-7B0F401BD683}.Debug|Any CPU.Build.0 = Debug|Any CPU
		{7A42B0B3-CB88-44B1-B1C7-7B0F401BD683}.Release|Any CPU.ActiveCfg = Release|Any CPU
		{7A42B0B3-CB88-44B1-B1C7-7B0F401BD683}.Release|Any CPU.Build.0 = Release|Any CPU
	EndGlobalSection
	GlobalSection(SolutionProperties) = preSolution
		HideSolutionNode = FALSE
	EndGlobalSection
	GlobalSection(ExtensibilityGlobals) = postSolution
		SolutionGuid = {55944642-C50A-4C17-AA25-1EC7F3FE0FB0}
	EndGlobalSection
EndGlobal
